{
  "version": 4,
  "terraform_version": "1.7.5",
  "serial": 9,
  "lineage": "3ad1e9de-fedb-03f7-ed53-51140447aaef",
  "outputs": {},
  "resources": [
    {
      "mode": "managed",
      "type": "azurerm_storage_container",
      "name": "example",
      "provider": "provider[\"registry.terraform.io/hashicorp/azurerm\"]",
      "instances": [
        {
          "schema_version": 1,
          "attributes": {
            "container_access_type": "private",
            "has_immutability_policy": false,
            "has_legal_hold": false,
            "id": "https://csb10032000f5dfefa8.blob.core.windows.net/examplecontainer",
            "metadata": {},
            "name": "examplecontainer",
            "resource_manager_id": "/subscriptions/3fc668df-ea90-4db4-82ae-ce43a1de6918/resourceGroups/cloud-shell-storage-westeurope/providers/Microsoft.Storage/storageAccounts/csb10032000f5dfefa8/blobServices/default/containers/examplecontainer",
            "storage_account_name": "csb10032000f5dfefa8",
            "timeouts": null
          },
          "sensitive_attributes": [],
          "private": "eyJlMmJmYjczMC1lY2FhLTExZTYtOGY4OC0zNDM2M2JjN2M0YzAiOnsiY3JlYXRlIjoxODAwMDAwMDAwMDAwLCJkZWxldGUiOjE4MDAwMDAwMDAwMDAsInJlYWQiOjMwMDAwMDAwMDAwMCwidXBkYXRlIjoxODAwMDAwMDAwMDAwfSwic2NoZW1hX3ZlcnNpb24iOiIxIn0="
        }
      ]
    }
  ],
  "check_results": null
}
